***REMOVED***
***REMOVED***"name": "backend",
***REMOVED***"version": "1.0.0",
***REMOVED***"lockfileVersion": 3,
***REMOVED***"requires": true,
***REMOVED***"packages": ***REMOVED***
***REMOVED******REMOVED***"": ***REMOVED***
***REMOVED******REMOVED******REMOVED***"name": "backend",
***REMOVED******REMOVED******REMOVED***"version": "1.0.0",
***REMOVED******REMOVED******REMOVED***"license": "ISC",
***REMOVED******REMOVED******REMOVED***"devDependencies": ***REMOVED***
***REMOVED******REMOVED******REMOVED******REMOVED***"prisma": "^5.9.1"
***REMOVED******REMOVED******REMOVED******REMOVED***
***REMOVED******REMOVED******REMOVED***,
***REMOVED******REMOVED***"node_modules/@prisma/debug": ***REMOVED***
***REMOVED******REMOVED******REMOVED***"version": "5.9.1",
***REMOVED******REMOVED******REMOVED***"resolved": "https://registry.npmjs.org/@prisma/debug/-/debug-5.9.1.tgz",
***REMOVED******REMOVED******REMOVED***"integrity": "sha512-yAHFSFCg8KVoL0oRUno3m60GAjsUKYUDkQ+9BA2X2JfVR3kRVSJFc/GpQ2fSORi4pSHZR9orfM4UC9OVXIFFTA==",
***REMOVED******REMOVED******REMOVED***"dev": true
***REMOVED******REMOVED******REMOVED***,
***REMOVED******REMOVED***"node_modules/@prisma/engines": ***REMOVED***
***REMOVED******REMOVED******REMOVED***"version": "5.9.1",
***REMOVED******REMOVED******REMOVED***"resolved": "https://registry.npmjs.org/@prisma/engines/-/engines-5.9.1.tgz",
***REMOVED******REMOVED******REMOVED***"integrity": "sha512-gkdXmjxQ5jktxWNdDA5aZZ6R8rH74JkoKq6LD5mACSvxd2vbqWeWIOV0Py5wFC8vofOYShbt6XUeCIUmrOzOnQ==",
***REMOVED******REMOVED******REMOVED***"dev": true,
***REMOVED******REMOVED******REMOVED***"hasInstallScript": true,
***REMOVED******REMOVED******REMOVED***"dependencies": ***REMOVED***
***REMOVED******REMOVED******REMOVED******REMOVED***"@prisma/debug": "5.9.1",
***REMOVED******REMOVED******REMOVED******REMOVED***"@prisma/engines-version": "5.9.0-32.23fdc5965b1e05fc54e5f26ed3de66776b93de64",
***REMOVED******REMOVED******REMOVED******REMOVED***"@prisma/fetch-engine": "5.9.1",
***REMOVED******REMOVED******REMOVED******REMOVED***"@prisma/get-platform": "5.9.1"
***REMOVED******REMOVED******REMOVED******REMOVED***
***REMOVED******REMOVED******REMOVED***,
***REMOVED******REMOVED***"node_modules/@prisma/engines-version": ***REMOVED***
***REMOVED******REMOVED******REMOVED***"version": "5.9.0-32.23fdc5965b1e05fc54e5f26ed3de66776b93de64",
***REMOVED******REMOVED******REMOVED***"resolved": "https://registry.npmjs.org/@prisma/engines-version/-/engines-version-5.9.0-32.23fdc5965b1e05fc54e5f26ed3de66776b93de64.tgz",
***REMOVED******REMOVED******REMOVED***"integrity": "sha512-HFl7275yF0FWbdcNvcSRbbu9JCBSLMcurYwvWc8WGDnpu7APxQo2ONtZrUggU3WxLxUJ2uBX+0GOFIcJeVeOOQ==",
***REMOVED******REMOVED******REMOVED***"dev": true
***REMOVED******REMOVED******REMOVED***,
***REMOVED******REMOVED***"node_modules/@prisma/fetch-engine": ***REMOVED***
***REMOVED******REMOVED******REMOVED***"version": "5.9.1",
***REMOVED******REMOVED******REMOVED***"resolved": "https://registry.npmjs.org/@prisma/fetch-engine/-/fetch-engine-5.9.1.tgz",
***REMOVED******REMOVED******REMOVED***"integrity": "sha512-l0goQOMcNVOJs1kAcwqpKq3ylvkD9F04Ioe1oJoCqmz05mw22bNAKKGWuDd3zTUoUZr97va0c/UfLNru+PDmNA==",
***REMOVED******REMOVED******REMOVED***"dev": true,
***REMOVED******REMOVED******REMOVED***"dependencies": ***REMOVED***
***REMOVED******REMOVED******REMOVED******REMOVED***"@prisma/debug": "5.9.1",
***REMOVED******REMOVED******REMOVED******REMOVED***"@prisma/engines-version": "5.9.0-32.23fdc5965b1e05fc54e5f26ed3de66776b93de64",
***REMOVED******REMOVED******REMOVED******REMOVED***"@prisma/get-platform": "5.9.1"
***REMOVED******REMOVED******REMOVED******REMOVED***
***REMOVED******REMOVED******REMOVED***,
***REMOVED******REMOVED***"node_modules/@prisma/get-platform": ***REMOVED***
***REMOVED******REMOVED******REMOVED***"version": "5.9.1",
***REMOVED******REMOVED******REMOVED***"resolved": "https://registry.npmjs.org/@prisma/get-platform/-/get-platform-5.9.1.tgz",
***REMOVED******REMOVED******REMOVED***"integrity": "sha512-6OQsNxTyhvG+T2Ksr8FPFpuPeL4r9u0JF0OZHUBI/Uy9SS43sPyAIutt4ZEAyqWQt104ERh70EZedkHZKsnNbg==",
***REMOVED******REMOVED******REMOVED***"dev": true,
***REMOVED******REMOVED******REMOVED***"dependencies": ***REMOVED***
***REMOVED******REMOVED******REMOVED******REMOVED***"@prisma/debug": "5.9.1"
***REMOVED******REMOVED******REMOVED******REMOVED***
***REMOVED******REMOVED******REMOVED***,
***REMOVED******REMOVED***"node_modules/prisma": ***REMOVED***
***REMOVED******REMOVED******REMOVED***"version": "5.9.1",
***REMOVED******REMOVED******REMOVED***"resolved": "https://registry.npmjs.org/prisma/-/prisma-5.9.1.tgz",
***REMOVED******REMOVED******REMOVED***"integrity": "sha512-Hy/8KJZz0ELtkw4FnG9MS9rNWlXcJhf98Z2QMqi0QiVMoS8PzsBkpla0/Y5hTlob8F3HeECYphBjqmBxrluUrQ==",
***REMOVED******REMOVED******REMOVED***"dev": true,
***REMOVED******REMOVED******REMOVED***"hasInstallScript": true,
***REMOVED******REMOVED******REMOVED***"dependencies": ***REMOVED***
***REMOVED******REMOVED******REMOVED******REMOVED***"@prisma/engines": "5.9.1"
***REMOVED******REMOVED******REMOVED******REMOVED***,
***REMOVED******REMOVED******REMOVED***"bin": ***REMOVED***
***REMOVED******REMOVED******REMOVED******REMOVED***"prisma": "build/index.js"
***REMOVED******REMOVED******REMOVED******REMOVED***,
***REMOVED******REMOVED******REMOVED***"engines": ***REMOVED***
***REMOVED******REMOVED******REMOVED******REMOVED***"node": ">=16.13"
***REMOVED******REMOVED******REMOVED******REMOVED***
***REMOVED******REMOVED******REMOVED***
***REMOVED******REMOVED***
***REMOVED***
